
Microsoft Visual Studio Solution File, Format Version 12.00
# Visual Studio 15
Project("{FAE04EC0-301F-11D3-BF4B-00C04F79EFBC}") = "SenteraTransmission", "Assembly-CSharp.csproj", "{EBAE3162-6B5A-74D4-271E-0DE3902B4020}"
EndProject
Project("{FAE04EC0-301F-11D3-BF4B-00C04F79EFBC}") = "SenteraTransmission", "Assembly-CSharp-Editor.csproj", "{1382DC0B-E222-4059-34C4-9DB7CE3689D2}"
EndProject
Global
	GlobalSection(SolutionConfigurationPlatforms) = preSolution
		Debug|Any CPU = Debug|Any CPU
		Release|Any CPU = Release|Any CPU
	EndGlobalSection
	GlobalSection(ProjectConfigurationPlatforms) = postSolution
		{EBAE3162-6B5A-74D4-271E-0DE3902B4020}.Debug|Any CPU.ActiveCfg = Debug|Any CPU
		{EBAE3162-6B5A-74D4-271E-0DE3902B4020}.Debug|Any CPU.Build.0 = Debug|Any CPU
		{EBAE3162-6B5A-74D4-271E-0DE3902B4020}.Release|Any CPU.ActiveCfg = Release|Any CPU
		{EBAE3162-6B5A-74D4-271E-0DE3902B4020}.Release|Any CPU.Build.0 = Release|Any CPU
		{1382DC0B-E222-4059-34C4-9DB7CE3689D2}.Debug|Any CPU.ActiveCfg = Debug|Any CPU
		{1382DC0B-E222-4059-34C4-9DB7CE3689D2}.Debug|Any CPU.Build.0 = Debug|Any CPU
		{1382DC0B-E222-4059-34C4-9DB7CE3689D2}.Release|Any CPU.ActiveCfg = Release|Any CPU
		{1382DC0B-E222-4059-34C4-9DB7CE3689D2}.Release|Any CPU.Build.0 = Release|Any CPU
	EndGlobalSection
	GlobalSection(SolutionProperties) = preSolution
		HideSolutionNode = FALSE
	EndGlobalSection
EndGlobal
